// !$*UTF8*$!
{
	archiveVersion = 1;
	classes = {
	};
	objectVersion = 55;
	objects = {

/* Begin PBXBuildFile section */
		89864B9127AC7B92003CAAFE /* AppDelegate.swift in Sources */ = {isa = PBXBuildFile; fileRef = 89864B9027AC7B92003CAAFE /* AppDelegate.swift */; };
		89864B9327AC7B92003CAAFE /* SceneDelegate.swift in Sources */ = {isa = PBXBuildFile; fileRef = 89864B9227AC7B92003CAAFE /* SceneDelegate.swift */; };
		89864B9527AC7B92003CAAFE /* ViewController.swift in Sources */ = {isa = PBXBuildFile; fileRef = 89864B9427AC7B92003CAAFE /* ViewController.swift */; };
		89864B9827AC7B92003CAAFE /* Main.storyboard in Resources */ = {isa = PBXBuildFile; fileRef = 89864B9627AC7B92003CAAFE /* Main.storyboard */; };
		89864B9A27AC7B93003CAAFE /* Assets.xcassets in Resources */ = {isa = PBXBuildFile; fileRef = 89864B9927AC7B93003CAAFE /* Assets.xcassets */; };
		89864B9D27AC7B93003CAAFE /* LaunchScreen.storyboard in Resources */ = {isa = PBXBuildFile; fileRef = 89864B9B27AC7B93003CAAFE /* LaunchScreen.storyboard */; };
		89864BA827AC7B93003CAAFE /* Login_FlipgridTests.swift in Sources */ = {isa = PBXBuildFile; fileRef = 89864BA727AC7B93003CAAFE /* Login_FlipgridTests.swift */; };
		89864BB227AC7B93003CAAFE /* Login_FlipgridUITests.swift in Sources */ = {isa = PBXBuildFile; fileRef = 89864BB127AC7B93003CAAFE /* Login_FlipgridUITests.swift */; };
		89864BB427AC7B93003CAAFE /* Login_FlipgridUITestsLaunchTests.swift in Sources */ = {isa = PBXBuildFile; fileRef = 89864BB327AC7B93003CAAFE /* Login_FlipgridUITestsLaunchTests.swift */; };
/* End PBXBuildFile section */

/* Begin PBXContainerItemProxy section */
		89864BA427AC7B93003CAAFE /* PBXContainerItemProxy */ = {
			isa = PBXContainerItemProxy;
			containerPortal = 89864B8527AC7B92003CAAFE /* Project object */;
			proxyType = 1;
			remoteGlobalIDString = 89864B8C27AC7B92003CAAFE;
			remoteInfo = "Login-Flipgrid";
		};
		89864BAE27AC7B93003CAAFE /* PBXContainerItemProxy */ = {
			isa = PBXContainerItemProxy;
			containerPortal = 89864B8527AC7B92003CAAFE /* Project object */;
			proxyType = 1;
			remoteGlobalIDString = 89864B8C27AC7B92003CAAFE;
			remoteInfo = "Login-Flipgrid";
		};
/* End PBXContainerItemProxy section */

/* Begin PBXFileReference section */
		89864B8D27AC7B92003CAAFE /* Login-Flipgrid.app */ = {isa = PBXFileReference; explicitFileType = wrapper.application; includeInIndex = 0; path = "Login-Flipgrid.app"; sourceTree = BUILT_PRODUCTS_DIR; };
		89864B9027AC7B92003CAAFE /* AppDelegate.swift */ = {isa = PBXFileReference; lastKnownFileType = sourcecode.swift; path = AppDelegate.swift; sourceTree = "<group>"; };
		89864B9227AC7B92003CAAFE /* SceneDelegate.swift */ = {isa = PBXFileReference; lastKnownFileType = sourcecode.swift; path = SceneDelegate.swift; sourceTree = "<group>"; };
		89864B9427AC7B92003CAAFE /* ViewController.swift */ = {isa = PBXFileReference; lastKnownFileType = sourcecode.swift; path = ViewController.swift; sourceTree = "<group>"; };
		89864B9727AC7B92003CAAFE /* Base */ = {isa = PBXFileReference; lastKnownFileType = file.storyboard; name = Base; path = Base.lproj/Main.storyboard; sourceTree = "<group>"; };
		89864B9927AC7B93003CAAFE /* Assets.xcassets */ = {isa = PBXFileReference; lastKnownFileType = folder.assetcatalog; path = Assets.xcassets; sourceTree = "<group>"; };
		89864B9C27AC7B93003CAAFE /* Base */ = {isa = PBXFileReference; lastKnownFileType = file.storyboard; name = Base; path = Base.lproj/LaunchScreen.storyboard; sourceTree = "<group>"; };
		89864B9E27AC7B93003CAAFE /* Info.plist */ = {isa = PBXFileReference; lastKnownFileType = text.plist.xml; path = Info.plist; sourceTree = "<group>"; };
		89864BA327AC7B93003CAAFE /* Login-FlipgridTests.xctest */ = {isa = PBXFileReference; explicitFileType = wrapper.cfbundle; includeInIndex = 0; path = "Login-FlipgridTests.xctest"; sourceTree = BUILT_PRODUCTS_DIR; };
		89864BA727AC7B93003CAAFE /* Login_FlipgridTests.swift */ = {isa = PBXFileReference; lastKnownFileType = sourcecode.swift; path = Login_FlipgridTests.swift; sourceTree = "<group>"; };
		89864BAD27AC7B93003CAAFE /* Login-FlipgridUITests.xctest */ = {isa = PBXFileReference; explicitFileType = wrapper.cfbundle; includeInIndex = 0; path = "Login-FlipgridUITests.xctest"; sourceTree = BUILT_PRODUCTS_DIR; };
		89864BB127AC7B93003CAAFE /* Login_FlipgridUITests.swift */ = {isa = PBXFileReference; lastKnownFileType = sourcecode.swift; path = Login_FlipgridUITests.swift; sourceTree = "<group>"; };
		89864BB327AC7B93003CAAFE /* Login_FlipgridUITestsLaunchTests.swift */ = {isa = PBXFileReference; lastKnownFileType = sourcecode.swift; path = Login_FlipgridUITestsLaunchTests.swift; sourceTree = "<group>"; };
/* End PBXFileReference section */

/* Begin PBXFrameworksBuildPhase section */
		89864B8A27AC7B92003CAAFE /* Frameworks */ = {
			isa = PBXFrameworksBuildPhase;
			buildActionMask = 2147483647;
			files = (
			);
			runOnlyForDeploymentPostprocessing = 0;
		};
		89864BA027AC7B93003CAAFE /* Frameworks */ = {
			isa = PBXFrameworksBuildPhase;
			buildActionMask = 2147483647;
			files = (
			);
			runOnlyForDeploymentPostprocessing = 0;
		};
		89864BAA27AC7B93003CAAFE /* Frameworks */ = {
			isa = PBXFrameworksBuildPhase;
			buildActionMask = 2147483647;
			files = (
			);
			runOnlyForDeploymentPostprocessing = 0;
		};
/* End PBXFrameworksBuildPhase section */

/* Begin PBXGroup section */
		89864B8427AC7B92003CAAFE = {
			isa = PBXGroup;
			children = (
				89864B8F27AC7B92003CAAFE /* Login-Flipgrid */,
				89864BA627AC7B93003CAAFE /* Login-FlipgridTests */,
				89864BB027AC7B93003CAAFE /* Login-FlipgridUITests */,
				89864B8E27AC7B92003CAAFE /* Products */,
			);
			sourceTree = "<group>";
		};
		89864B8E27AC7B92003CAAFE /* Products */ = {
			isa = PBXGroup;
			children = (
				89864B8D27AC7B92003CAAFE /* Login-Flipgrid.app */,
				89864BA327AC7B93003CAAFE /* Login-FlipgridTests.xctest */,
				89864BAD27AC7B93003CAAFE /* Login-FlipgridUITests.xctest */,
			);
			name = Products;
			sourceTree = "<group>";
		};
		89864B8F27AC7B92003CAAFE /* Login-Flipgrid */ = {
			isa = PBXGroup;
			children = (
				89864B9027AC7B92003CAAFE /* AppDelegate.swift */,
				89864B9227AC7B92003CAAFE /* SceneDelegate.swift */,
				89864B9427AC7B92003CAAFE /* ViewController.swift */,
				89864B9627AC7B92003CAAFE /* Main.storyboard */,
				89864B9927AC7B93003CAAFE /* Assets.xcassets */,
				89864B9B27AC7B93003CAAFE /* LaunchScreen.storyboard */,
				89864B9E27AC7B93003CAAFE /* Info.plist */,
			);
			path = "Login-Flipgrid";
			sourceTree = "<group>";
		};
		89864BA627AC7B93003CAAFE /* Login-FlipgridTests */ = {
			isa = PBXGroup;
			children = (
				89864BA727AC7B93003CAAFE /* Login_FlipgridTests.swift */,
			);
			path = "Login-FlipgridTests";
			sourceTree = "<group>";
		};
		89864BB027AC7B93003CAAFE /* Login-FlipgridUITests */ = {
			isa = PBXGroup;
			children = (
				89864BB127AC7B93003CAAFE /* Login_FlipgridUITests.swift */,
				89864BB327AC7B93003CAAFE /* Login_FlipgridUITestsLaunchTests.swift */,
			);
			path = "Login-FlipgridUITests";
			sourceTree = "<group>";
		};
/* End PBXGroup section */

/* Begin PBXNativeTarget section */
		89864B8C27AC7B92003CAAFE /* Login-Flipgrid */ = {
			isa = PBXNativeTarget;
			buildConfigurationList = 89864BB727AC7B93003CAAFE /* Build configuration list for PBXNativeTarget "Login-Flipgrid" */;
			buildPhases = (
				89864B8927AC7B92003CAAFE /* Sources */,
				89864B8A27AC7B92003CAAFE /* Frameworks */,
				89864B8B27AC7B92003CAAFE /* Resources */,
			);
			buildRules = (
			);
			dependencies = (
			);
			name = "Login-Flipgrid";
			productName = "Login-Flipgrid";
			productReference = 89864B8D27AC7B92003CAAFE /* Login-Flipgrid.app */;
			productType = "com.apple.product-type.application";
		};
		89864BA227AC7B93003CAAFE /* Login-FlipgridTests */ = {
			isa = PBXNativeTarget;
			buildConfigurationList = 89864BBA27AC7B93003CAAFE /* Build configuration list for PBXNativeTarget "Login-FlipgridTests" */;
			buildPhases = (
				89864B9F27AC7B93003CAAFE /* Sources */,
				89864BA027AC7B93003CAAFE /* Frameworks */,
				89864BA127AC7B93003CAAFE /* Resources */,
			);
			buildRules = (
			);
			dependencies = (
				89864BA527AC7B93003CAAFE /* PBXTargetDependency */,
			);
			name = "Login-FlipgridTests";
			productName = "Login-FlipgridTests";
			productReference = 89864BA327AC7B93003CAAFE /* Login-FlipgridTests.xctest */;
			productType = "com.apple.product-type.bundle.unit-test";
		};
		89864BAC27AC7B93003CAAFE /* Login-FlipgridUITests */ = {
			isa = PBXNativeTarget;
			buildConfigurationList = 89864BBD27AC7B93003CAAFE /* Build configuration list for PBXNativeTarget "Login-FlipgridUITests" */;
			buildPhases = (
				89864BA927AC7B93003CAAFE /* Sources */,
				89864BAA27AC7B93003CAAFE /* Frameworks */,
				89864BAB27AC7B93003CAAFE /* Resources */,
			);
			buildRules = (
			);
			dependencies = (
				89864BAF27AC7B93003CAAFE /* PBXTargetDependency */,
			);
			name = "Login-FlipgridUITests";
			productName = "Login-FlipgridUITests";
			productReference = 89864BAD27AC7B93003CAAFE /* Login-FlipgridUITests.xctest */;
			productType = "com.apple.product-type.bundle.ui-testing";
		};
/* End PBXNativeTarget section */

/* Begin PBXProject section */
		89864B8527AC7B92003CAAFE /* Project object */ = {
			isa = PBXProject;
			attributes = {
				BuildIndependentTargetsInParallel = 1;
				LastSwiftUpdateCheck = 1320;
				LastUpgradeCheck = 1320;
				TargetAttributes = {
					89864B8C27AC7B92003CAAFE = {
						CreatedOnToolsVersion = 13.2.1;
					};
					89864BA227AC7B93003CAAFE = {
						CreatedOnToolsVersion = 13.2.1;
						TestTargetID = 89864B8C27AC7B92003CAAFE;
					};
					89864BAC27AC7B93003CAAFE = {
						CreatedOnToolsVersion = 13.2.1;
						TestTargetID = 89864B8C27AC7B92003CAAFE;
					};
				};
			};
			buildConfigurationList = 89864B8827AC7B92003CAAFE /* Build configuration list for PBXProject "Login-Flipgrid" */;
			compatibilityVersion = "Xcode 13.0";
			developmentRegion = en;
			hasScannedForEncodings = 0;
			knownRegions = (
				en,
				Base,
			);
			mainGroup = 89864B8427AC7B92003CAAFE;
			productRefGroup = 89864B8E27AC7B92003CAAFE /* Products */;
			projectDirPath = "";
			projectRoot = "";
			targets = (
				89864B8C27AC7B92003CAAFE /* Login-Flipgrid */,
				89864BA227AC7B93003CAAFE /* Login-FlipgridTests */,
				89864BAC27AC7B93003CAAFE /* Login-FlipgridUITests */,
			);
		};
/* End PBXProject section */

/* Begin PBXResourcesBuildPhase section */
		89864B8B27AC7B92003CAAFE /* Resources */ = {
			isa = PBXResourcesBuildPhase;
			buildActionMask = 2147483647;
			files = (
				89864B9D27AC7B93003CAAFE /* LaunchScreen.storyboard in Resources */,
				89864B9A27AC7B93003CAAFE /* Assets.xcassets in Resources */,
				89864B9827AC7B92003CAAFE /* Main.storyboard in Resources */,
			);
			runOnlyForDeploymentPostprocessing = 0;
		};
		89864BA127AC7B93003CAAFE /* Resources */ = {
			isa = PBXResourcesBuildPhase;
			buildActionMask = 2147483647;
			files = (
			);
			runOnlyForDeploymentPostprocessing = 0;
		};
		89864BAB27AC7B93003CAAFE /* Resources */ = {
			isa = PBXResourcesBuildPhase;
			buildActionMask = 2147483647;
			files = (
			);
			runOnlyForDeploymentPostprocessing = 0;
		};
/* End PBXResourcesBuildPhase section */

/* Begin PBXSourcesBuildPhase section */
		89864B8927AC7B92003CAAFE /* Sources */ = {
			isa = PBXSourcesBuildPhase;
			buildActionMask = 2147483647;
			files = (
				89864B9527AC7B92003CAAFE /* ViewController.swift in Sources */,
				89864B9127AC7B92003CAAFE /* AppDelegate.swift in Sources */,
				89864B9327AC7B92003CAAFE /* SceneDelegate.swift in Sources */,
			);
			runOnlyForDeploymentPostprocessing = 0;
		};
		89864B9F27AC7B93003CAAFE /* Sources */ = {
			isa = PBXSourcesBuildPhase;
			buildActionMask = 2147483647;
			files = (
				89864BA827AC7B93003CAAFE /* Login_FlipgridTests.swift in Sources */,
			);
			runOnlyForDeploymentPostprocessing = 0;
		};
		89864BA927AC7B93003CAAFE /* Sources */ = {
			isa = PBXSourcesBuildPhase;
			buildActionMask = 2147483647;
			files = (
				89864BB227AC7B93003CAAFE /* Login_FlipgridUITests.swift in Sources */,
				89864BB427AC7B93003CAAFE /* Login_FlipgridUITestsLaunchTests.swift in Sources */,
			);
			runOnlyForDeploymentPostprocessing = 0;
		};
/* End PBXSourcesBuildPhase section */

/* Begin PBXTargetDependency section */
		89864BA527AC7B93003CAAFE /* PBXTargetDependency */ = {
			isa = PBXTargetDependency;
			target = 89864B8C27AC7B92003CAAFE /* Login-Flipgrid */;
			targetProxy = 89864BA427AC7B93003CAAFE /* PBXContainerItemProxy */;
		};
		89864BAF27AC7B93003CAAFE /* PBXTargetDependency */ = {
			isa = PBXTargetDependency;
			target = 89864B8C27AC7B92003CAAFE /* Login-Flipgrid */;
			targetProxy = 89864BAE27AC7B93003CAAFE /* PBXContainerItemProxy */;
		};
/* End PBXTargetDependency section */

/* Begin PBXVariantGroup section */
		89864B9627AC7B92003CAAFE /* Main.storyboard */ = {
			isa = PBXVariantGroup;
			children = (
				89864B9727AC7B92003CAAFE /* Base */,
			);
			name = Main.storyboard;
			sourceTree = "<group>";
		};
		89864B9B27AC7B93003CAAFE /* LaunchScreen.storyboard */ = {
			isa = PBXVariantGroup;
			children = (
				89864B9C27AC7B93003CAAFE /* Base */,
			);
			name = LaunchScreen.storyboard;
			sourceTree = "<group>";
		};
/* End PBXVariantGroup section */

/* Begin XCBuildConfiguration section */
		89864BB527AC7B93003CAAFE /* Debug */ = {
			isa = XCBuildConfiguration;
			buildSettings = {
				ALWAYS_SEARCH_USER_PATHS = NO;
				CLANG_ANALYZER_NONNULL = YES;
				CLANG_ANALYZER_NUMBER_OBJECT_CONVERSION = YES_AGGRESSIVE;
				CLANG_CXX_LANGUAGE_STANDARD = "gnu++17";
				CLANG_CXX_LIBRARY = "libc++";
				CLANG_ENABLE_MODULES = YES;
				CLANG_ENABLE_OBJC_ARC = YES;
				CLANG_ENABLE_OBJC_WEAK = YES;
				CLANG_WARN_BLOCK_CAPTURE_AUTORELEASING = YES;
				CLANG_WARN_BOOL_CONVERSION = YES;
				CLANG_WARN_COMMA = YES;
				CLANG_WARN_CONSTANT_CONVERSION = YES;
				CLANG_WARN_DEPRECATED_OBJC_IMPLEMENTATIONS = YES;
				CLANG_WARN_DIRECT_OBJC_ISA_USAGE = YES_ERROR;
				CLANG_WARN_DOCUMENTATION_COMMENTS = YES;
				CLANG_WARN_EMPTY_BODY = YES;
				CLANG_WARN_ENUM_CONVERSION = YES;
				CLANG_WARN_INFINITE_RECURSION = YES;
				CLANG_WARN_INT_CONVERSION = YES;
				CLANG_WARN_NON_LITERAL_NULL_CONVERSION = YES;
				CLANG_WARN_OBJC_IMPLICIT_RETAIN_SELF = YES;
				CLANG_WARN_OBJC_LITERAL_CONVERSION = YES;
				CLANG_WARN_OBJC_ROOT_CLASS = YES_ERROR;
				CLANG_WARN_QUOTED_INCLUDE_IN_FRAMEWORK_HEADER = YES;
				CLANG_WARN_RANGE_LOOP_ANALYSIS = YES;
				CLANG_WARN_STRICT_PROTOTYPES = YES;
				CLANG_WARN_SUSPICIOUS_MOVE = YES;
				CLANG_WARN_UNGUARDED_AVAILABILITY = YES_AGGRESSIVE;
				CLANG_WARN_UNREACHABLE_CODE = YES;
				CLANG_WARN__DUPLICATE_METHOD_MATCH = YES;
				COPY_PHASE_STRIP = NO;
				DEBUG_INFORMATION_FORMAT = dwarf;
				ENABLE_STRICT_OBJC_MSGSEND = YES;
				ENABLE_TESTABILITY = YES;
				GCC_C_LANGUAGE_STANDARD = gnu11;
				GCC_DYNAMIC_NO_PIC = NO;
				GCC_NO_COMMON_BLOCKS = YES;
				GCC_OPTIMIZATION_LEVEL = 0;
				GCC_PREPROCESSOR_DEFINITIONS = (
					"DEBUG=1",
					"$(inherited)",
				);
				GCC_WARN_64_TO_32_BIT_CONVERSION = YES;
				GCC_WARN_ABOUT_RETURN_TYPE = YES_ERROR;
				GCC_WARN_UNDECLARED_SELECTOR = YES;
				GCC_WARN_UNINITIALIZED_AUTOS = YES_AGGRESSIVE;
				GCC_WARN_UNUSED_FUNCTION = YES;
				GCC_WARN_UNUSED_VARIABLE = YES;
				IPHONEOS_DEPLOYMENT_TARGET = 15.2;
				MTL_ENABLE_DEBUG_INFO = INCLUDE_SOURCE;
				MTL_FAST_MATH = YES;
				ONLY_ACTIVE_ARCH = YES;
				SDKROOT = iphoneos;
				SWIFT_ACTIVE_COMPILATION_CONDITIONS = DEBUG;
				SWIFT_OPTIMIZATION_LEVEL = "-Onone";
			};
			name = Debug;
		};
		89864BB627AC7B93003CAAFE /* Release */ = {
			isa = XCBuildConfiguration;
			buildSettings = {
				ALWAYS_SEARCH_USER_PATHS = NO;
				CLANG_ANALYZER_NONNULL = YES;
				CLANG_ANALYZER_NUMBER_OBJECT_CONVERSION = YES_AGGRESSIVE;
				CLANG_CXX_LANGUAGE_STANDARD = "gnu++17";
				CLANG_CXX_LIBRARY = "libc++";
				CLANG_ENABLE_MODULES = YES;
				CLANG_ENABLE_OBJC_ARC = YES;
				CLANG_ENABLE_OBJC_WEAK = YES;
				CLANG_WARN_BLOCK_CAPTURE_AUTORELEASING = YES;
				CLANG_WARN_BOOL_CONVERSION = YES;
				CLANG_WARN_COMMA = YES;
				CLANG_WARN_CONSTANT_CONVERSION = YES;
				CLANG_WARN_DEPRECATED_OBJC_IMPLEMENTATIONS = YES;
				CLANG_WARN_DIRECT_OBJC_ISA_USAGE = YES_ERROR;
				CLANG_WARN_DOCUMENTATION_COMMENTS = YES;
				CLANG_WARN_EMPTY_BODY = YES;
				CLANG_WARN_ENUM_CONVERSION = YES;
				CLANG_WARN_INFINITE_RECURSION = YES;
				CLANG_WARN_INT_CONVERSION = YES;
				CLANG_WARN_NON_LITERAL_NULL_CONVERSION = YES;
				CLANG_WARN_OBJC_IMPLICIT_RETAIN_SELF = YES;
				CLANG_WARN_OBJC_LITERAL_CONVERSION = YES;
				CLANG_WARN_OBJC_ROOT_CLASS = YES_ERROR;
				CLANG_WARN_QUOTED_INCLUDE_IN_FRAMEWORK_HEADER = YES;
				CLANG_WARN_RANGE_LOOP_ANALYSIS = YES;
				CLANG_WARN_STRICT_PROTOTYPES = YES;
				CLANG_WARN_SUSPICIOUS_MOVE = YES;
				CLANG_WARN_UNGUARDED_AVAILABILITY = YES_AGGRESSIVE;
				CLANG_WARN_UNREACHABLE_CODE = YES;
				CLANG_WARN__DUPLICATE_METHOD_MATCH = YES;
				COPY_PHASE_STRIP = NO;
				DEBUG_INFORMATION_FORMAT = "dwarf-with-dsym";
				ENABLE_NS_ASSERTIONS = NO;
				ENABLE_STRICT_OBJC_MSGSEND = YES;
				GCC_C_LANGUAGE_STANDARD = gnu11;
				GCC_NO_COMMON_BLOCKS = YES;
				GCC_WARN_64_TO_32_BIT_CONVERSION = YES;
				GCC_WARN_ABOUT_RETURN_TYPE = YES_ERROR;
				GCC_WARN_UNDECLARED_SELECTOR = YES;
				GCC_WARN_UNINITIALIZED_AUTOS = YES_AGGRESSIVE;
				GCC_WARN_UNUSED_FUNCTION = YES;
				GCC_WARN_UNUSED_VARIABLE = YES;
				IPHONEOS_DEPLOYMENT_TARGET = 15.2;
				MTL_ENABLE_DEBUG_INFO = NO;
				MTL_FAST_MATH = YES;
				SDKROOT = iphoneos;
				SWIFT_COMPILATION_MODE = wholemodule;
				SWIFT_OPTIMIZATION_LEVEL = "-O";
				VALIDATE_PRODUCT = YES;
			};
			name = Release;
		};
		89864BB827AC7B93003CAAFE /* Debug */ = {
			isa = XCBuildConfiguration;
			buildSettings = {
				ASSETCATALOG_COMPILER_APPICON_NAME = AppIcon;
				ASSETCATALOG_COMPILER_GLOBAL_ACCENT_COLOR_NAME = AccentColor;
				CODE_SIGN_STYLE = Automatic;
				CURRENT_PROJECT_VERSION = 1;
				DEVELOPMENT_TEAM = 5K3E4VR93W;
				GENERATE_INFOPLIST_FILE = YES;
				INFOPLIST_FILE = "Login-Flipgrid/Info.plist";
				INFOPLIST_KEY_UIApplicationSupportsIndirectInputEvents = YES;
				INFOPLIST_KEY_UILaunchStoryboardName = LaunchScreen;
				INFOPLIST_KEY_UIMainStoryboardFile = Main;
				INFOPLIST_KEY_UISupportedInterfaceOrientations_iPad = "UIInterfaceOrientationPortrait UIInterfaceOrientationPortraitUpsideDown UIInterfaceOrientationLandscapeLeft UIInterfaceOrientationLandscapeRight";
				INFOPLIST_KEY_UISupportedInterfaceOrientations_iPhone = "UIInterfaceOrientationPortrait UIInterfaceOrientationLandscapeLeft UIInterfaceOrientationLandscapeRight";
				LD_RUNPATH_SEARCH_PATHS = (
					"$(inherited)",
					"@executable_path/Frameworks",
				);
				MARKETING_VERSION = 1.0;
				PRODUCT_BUNDLE_IDENTIFIER = "com.nikilesh.Login-Flipgrid";
				PRODUCT_NAME = "$(TARGET_NAME)";
				SWIFT_EMIT_LOC_STRINGS = YES;
				SWIFT_VERSION = 5.0;
				TARGETED_DEVICE_FAMILY = "1,2";
			};
			name = Debug;
		};
		89864BB927AC7B93003CAAFE /* Release */ = {
			isa = XCBuildConfiguration;
			buildSettings = {
				ASSETCATALOG_COMPILER_APPICON_NAME = AppIcon;
				ASSETCATALOG_COMPILER_GLOBAL_ACCENT_COLOR_NAME = AccentColor;
				CODE_SIGN_STYLE = Automatic;
				CURRENT_PROJECT_VERSION = 1;
				DEVELOPMENT_TEAM = 5K3E4VR93W;
				GENERATE_INFOPLIST_FILE = YES;
				INFOPLIST_FILE = "Login-Flipgrid/Info.plist";
				INFOPLIST_KEY_UIApplicationSupportsIndirectInputEvents = YES;
				INFOPLIST_KEY_UILaunchStoryboardName = LaunchScreen;
				INFOPLIST_KEY_UIMainStoryboardFile = Main;
				INFOPLIST_KEY_UISupportedInterfaceOrientations_iPad = "UIInterfaceOrientationPortrait UIInterfaceOrientationPortraitUpsideDown UIInterfaceOrientationLandscapeLeft UIInterfaceOrientationLandscapeRight";
				INFOPLIST_KEY_UISupportedInterfaceOrientations_iPhone = "UIInterfaceOrientationPortrait UIInterfaceOrientationLandscapeLeft UIInterfaceOrientationLandscapeRight";
				LD_RUNPATH_SEARCH_PATHS = (
					"$(inherited)",
					"@executable_path/Frameworks",
				);
				MARKETING_VERSION = 1.0;
				PRODUCT_BUNDLE_IDENTIFIER = "com.nikilesh.Login-Flipgrid";
				PRODUCT_NAME = "$(TARGET_NAME)";
				SWIFT_EMIT_LOC_STRINGS = YES;
				SWIFT_VERSION = 5.0;
				TARGETED_DEVICE_FAMILY = "1,2";
			};
			name = Release;
		};
		89864BBB27AC7B93003CAAFE /* Debug */ = {
			isa = XCBuildConfiguration;
			buildSettings = {
				ALWAYS_EMBED_SWIFT_STANDARD_LIBRARIES = YES;
				BUNDLE_LOADER = "$(TEST_HOST)";
				CODE_SIGN_STYLE = Automatic;
				CURRENT_PROJECT_VERSION = 1;
				DEVELOPMENT_TEAM = 5K3E4VR93W;
				GENERATE_INFOPLIST_FILE = YES;
				IPHONEOS_DEPLOYMENT_TARGET = 15.2;
				MARKETING_VERSION = 1.0;
				PRODUCT_BUNDLE_IDENTIFIER = "com.nikilesh.Login-FlipgridTests";
				PRODUCT_NAME = "$(TARGET_NAME)";
				SWIFT_EMIT_LOC_STRINGS = NO;
				SWIFT_VERSION = 5.0;
				TARGETED_DEVICE_FAMILY = "1,2";
				TEST_HOST = "$(BUILT_PRODUCTS_DIR)/Login-Flipgrid.app/Login-Flipgrid";
			};
			name = Debug;
		};
		89864BBC27AC7B93003CAAFE /* Release */ = {
			isa = XCBuildConfiguration;
			buildSettings = {
				ALWAYS_EMBED_SWIFT_STANDARD_LIBRARIES = YES;
				BUNDLE_LOADER = "$(TEST_HOST)";
				CODE_SIGN_STYLE = Automatic;
				CURRENT_PROJECT_VERSION = 1;
				DEVELOPMENT_TEAM = 5K3E4VR93W;
				GENERATE_INFOPLIST_FILE = YES;
				IPHONEOS_DEPLOYMENT_TARGET = 15.2;
				MARKETING_VERSION = 1.0;
				PRODUCT_BUNDLE_IDENTIFIER = "com.nikilesh.Login-FlipgridTests";
				PRODUCT_NAME = "$(TARGET_NAME)";
				SWIFT_EMIT_LOC_STRINGS = NO;
				SWIFT_VERSION = 5.0;
				TARGETED_DEVICE_FAMILY = "1,2";
				TEST_HOST = "$(BUILT_PRODUCTS_DIR)/Login-Flipgrid.app/Login-Flipgrid";
			};
			name = Release;
		};
		89864BBE27AC7B93003CAAFE /* Debug */ = {
			isa = XCBuildConfiguration;
			buildSettings = {
				ALWAYS_EMBED_SWIFT_STANDARD_LIBRARIES = YES;
				CODE_SIGN_STYLE = Automatic;
				CURRENT_PROJECT_VERSION = 1;
				DEVELOPMENT_TEAM = 5K3E4VR93W;
				GENERATE_INFOPLIST_FILE = YES;
				MARKETING_VERSION = 1.0;
				PRODUCT_BUNDLE_IDENTIFIER = "com.nikilesh.Login-FlipgridUITests";
				PRODUCT_NAME = "$(TARGET_NAME)";
				SWIFT_EMIT_LOC_STRINGS = NO;
				SWIFT_VERSION = 5.0;
				TARGETED_DEVICE_FAMILY = "1,2";
				TEST_TARGET_NAME = "Login-Flipgrid";
			};
			name = Debug;
		};
		89864BBF27AC7B93003CAAFE /* Release */ = {
			isa = XCBuildConfiguration;
			buildSettings = {
				ALWAYS_EMBED_SWIFT_STANDARD_LIBRARIES = YES;
				CODE_SIGN_STYLE = Automatic;
				CURRENT_PROJECT_VERSION = 1;
				DEVELOPMENT_TEAM = 5K3E4VR93W;
				GENERATE_INFOPLIST_FILE = YES;
				MARKETING_VERSION = 1.0;
				PRODUCT_BUNDLE_IDENTIFIER = "com.nikilesh.Login-FlipgridUITests";
				PRODUCT_NAME = "$(TARGET_NAME)";
				SWIFT_EMIT_LOC_STRINGS = NO;
				SWIFT_VERSION = 5.0;
				TARGETED_DEVICE_FAMILY = "1,2";
				TEST_TARGET_NAME = "Login-Flipgrid";
			};
			name = Release;
		};
/* End XCBuildConfiguration section */

/* Begin XCConfigurationList section */
		89864B8827AC7B92003CAAFE /* Build configuration list for PBXProject "Login-Flipgrid" */ = {
			isa = XCConfigurationList;
			buildConfigurations = (
				89864BB527AC7B93003CAAFE /* Debug */,
				89864BB627AC7B93003CAAFE /* Release */,
			);
			defaultConfigurationIsVisible = 0;
			defaultConfigurationName = Release;
		};
		89864BB727AC7B93003CAAFE /* Build configuration list for PBXNativeTarget "Login-Flipgrid" */ = {
			isa = XCConfigurationList;
			buildConfigurations = (
				89864BB827AC7B93003CAAFE /* Debug */,
				89864BB927AC7B93003CAAFE /* Release */,
			);
			defaultConfigurationIsVisible = 0;
			defaultConfigurationName = Release;
		};
		89864BBA27AC7B93003CAAFE /* Build configuration list for PBXNativeTarget "Login-FlipgridTests" */ = {
			isa = XCConfigurationList;
			buildConfigurations = (
				89864BBB27AC7B93003CAAFE /* Debug */,
				89864BBC27AC7B93003CAAFE /* Release */,
			);
			defaultConfigurationIsVisible = 0;
			defaultConfigurationName = Release;
		};
		89864BBD27AC7B93003CAAFE /* Build configuration list for PBXNativeTarget "Login-FlipgridUITests" */ = {
			isa = XCConfigurationList;
			buildConfigurations = (
				89864BBE27AC7B93003CAAFE /* Debug */,
				89864BBF27AC7B93003CAAFE /* Release */,
			);
			defaultConfigurationIsVisible = 0;
			defaultConfigurationName = Release;
		};
/* End XCConfigurationList section */
	};
	rootObject = 89864B8527AC7B92003CAAFE /* Project object */;
}
